definitions:
  config:
    /hippo:namespaces/hippogogreen/paragraphblock:
      jcr:primaryType: hipposysedit:templatetype
      jcr:mixinTypes: ['editor:editable', 'mix:referenceable']
      jcr:uuid: 28ef425f-edcd-451e-a79c-aade22356f4c
      /hipposysedit:nodetype:
        jcr:primaryType: hippo:handle
        jcr:mixinTypes: ['mix:referenceable']
        jcr:uuid: ad83ef86-fc18-45da-978d-b47236a36e5c
        /hipposysedit:nodetype:
          jcr:primaryType: hipposysedit:nodetype
          jcr:mixinTypes: ['mix:referenceable', 'hipposysedit:remodel']
          jcr:uuid: d83815ad-2e60-47bd-a753-69f0ebadf2e2
          hipposysedit:node: true
          hipposysedit:supertype: ['hippo:compound', 'hippostd:relaxed']
          hipposysedit:uri: http://www.onehippo.org/jcr/hippogogreen/2.0
          /text:
            jcr:primaryType: hipposysedit:field
            hipposysedit:mandatory: false
            hipposysedit:multiple: false
            hipposysedit:ordered: false
            hipposysedit:path: hippogogreen:text
            hipposysedit:primary: false
            hipposysedit:type: Text
          /header:
            jcr:primaryType: hipposysedit:field
            hipposysedit:mandatory: false
            hipposysedit:multiple: false
            hipposysedit:ordered: false
            hipposysedit:path: hippogogreen:header
            hipposysedit:primary: false
            hipposysedit:type: String
      /hipposysedit:prototypes:
        jcr:primaryType: hipposysedit:prototypeset
        /hipposysedit:prototype:
          jcr:primaryType: hippogogreen:paragraphblock
          hippogogreen:header: ''
          hippogogreen:text: ''
      /editor:templates:
        jcr:primaryType: editor:templateset
        /_default_:
          jcr:primaryType: frontend:plugincluster
          frontend:properties: [mode]
          frontend:references: [wicket.model, model.compareTo, engine, validator.id]
          frontend:services: [wicket.id, validator.id]
          /root:
            jcr:primaryType: frontend:plugin
            item: ${cluster.id}.field
            plugin.class: org.hippoecm.frontend.service.render.ListViewPlugin
          /header:
            jcr:primaryType: frontend:plugin
            caption: Header
            field: header
            plugin.class: org.hippoecm.frontend.editor.plugins.field.PropertyFieldPlugin
            wicket.id: ${cluster.id}.field
            /cluster.options:
              jcr:primaryType: frontend:pluginconfig
          /text:
            jcr:primaryType: frontend:plugin
            caption: Text
            field: text
            hint: ''
            plugin.class: org.hippoecm.frontend.editor.plugins.field.PropertyFieldPlugin
            wicket.id: ${cluster.id}.field
            /cluster.options:
              jcr:primaryType: frontend:pluginconfig
