definitions:
  config:
    /hippo:namespaces/hippogogreen/quoteblock:
      jcr:primaryType: hipposysedit:templatetype
      jcr:mixinTypes: ['editor:editable', 'mix:referenceable']
      jcr:uuid: 4ccc036e-c2d5-4727-a1cc-94cdc3af1df4
      /hipposysedit:nodetype:
        jcr:primaryType: hippo:handle
        jcr:mixinTypes: ['mix:referenceable']
        jcr:uuid: 0743df70-6667-4940-81df-144c36fc23ba
        /hipposysedit:nodetype:
          jcr:primaryType: hipposysedit:nodetype
          jcr:mixinTypes: ['mix:referenceable', 'hipposysedit:remodel']
          jcr:uuid: fea01b46-ec9a-4a88-ad6d-3f58ee6c95cf
          hipposysedit:node: true
          hipposysedit:supertype: ['hippo:compound', 'hippostd:relaxed']
          hipposysedit:uri: http://www.onehippo.org/jcr/hippogogreen/2.0
          /quote:
            jcr:primaryType: hipposysedit:field
            hipposysedit:mandatory: false
            hipposysedit:multiple: false
            hipposysedit:ordered: false
            hipposysedit:path: hippogogreen:quote
            hipposysedit:primary: false
            hipposysedit:type: String
          /alignment:
            jcr:primaryType: hipposysedit:field
            hipposysedit:mandatory: false
            hipposysedit:multiple: false
            hipposysedit:ordered: false
            hipposysedit:path: hippogogreen:alignment
            hipposysedit:primary: false
            hipposysedit:type: StaticDropdown
      /hipposysedit:prototypes:
        jcr:primaryType: hipposysedit:prototypeset
        /hipposysedit:prototype:
          jcr:primaryType: hippogogreen:quoteblock
          hippogogreen:quote: ''
      /editor:templates:
        jcr:primaryType: editor:templateset
        /_default_:
          jcr:primaryType: frontend:plugincluster
          frontend:properties: [mode]
          frontend:references: [wicket.model, model.compareTo, engine, validator.id]
          frontend:services: [wicket.id, validator.id]
          /root:
            jcr:primaryType: frontend:plugin
            item: ${cluster.id}.field
            plugin.class: org.hippoecm.frontend.service.render.ListViewPlugin
          /quote:
            jcr:primaryType: frontend:plugin
            caption: Quote
            field: quote
            plugin.class: org.hippoecm.frontend.editor.plugins.field.PropertyFieldPlugin
            wicket.id: ${cluster.id}.field
            /cluster.options:
              jcr:primaryType: frontend:pluginconfig
          /alignment:
            jcr:primaryType: frontend:plugin
            caption: Alignment
            field: alignment
            hint: ''
            plugin.class: org.hippoecm.frontend.editor.plugins.field.PropertyFieldPlugin
            wicket.id: ${cluster.id}.field
            /cluster.options:
              jcr:primaryType: frontend:pluginconfig
              selectable.options: Left, Right
